
Microsoft Visual Studio Solution File, Format Version 12.00
# Visual Studio Version 17
VisualStudioVersion = 17.14.36414.22 d17.14
MinimumVisualStudioVersion = 10.0.40219.1
Project("{FAE04EC0-301F-11D3-BF4B-00C04F79EFBC}") = "introduccion", "introduccion\introduccion.csproj", "{B0802E4A-4DE8-436B-8360-24500B8A3E3F}"
EndProject
Global
	GlobalSection(SolutionConfigurationPlatforms) = preSolution
		Debug|Any CPU = Debug|Any CPU
		Release|Any CPU = Release|Any CPU
	EndGlobalSection
	GlobalSection(ProjectConfigurationPlatforms) = postSolution
		{B0802E4A-4DE8-436B-8360-24500B8A3E3F}.Debug|Any CPU.ActiveCfg = Debug|Any CPU
		{B0802E4A-4DE8-436B-8360-24500B8A3E3F}.Debug|Any CPU.Build.0 = Debug|Any CPU
		{B0802E4A-4DE8-436B-8360-24500B8A3E3F}.Release|Any CPU.ActiveCfg = Release|Any CPU
		{B0802E4A-4DE8-436B-8360-24500B8A3E3F}.Release|Any CPU.Build.0 = Release|Any CPU
	EndGlobalSection
	GlobalSection(SolutionProperties) = preSolution
		HideSolutionNode = FALSE
	EndGlobalSection
	GlobalSection(ExtensibilityGlobals) = postSolution
		SolutionGuid = {E0E70F4B-61E6-48A9-B6B4-5F955010EB79}
	EndGlobalSection
EndGlobal
