
Microsoft Visual Studio Solution File, Format Version 12.00
# Visual Studio Version 17
VisualStudioVersion = 17.14.36414.22 d17.14
MinimumVisualStudioVersion = 10.0.40219.1
Project("{FAE04EC0-301F-11D3-BF4B-00C04F79EFBC}") = "Operadores_logicos", "Operadores_logicos\Operadores_logicos.csproj", "{5DEBBAC8-9EB5-4E96-BB64-BBF45C04B7FE}"
EndProject
Global
	GlobalSection(SolutionConfigurationPlatforms) = preSolution
		Debug|Any CPU = Debug|Any CPU
		Release|Any CPU = Release|Any CPU
	EndGlobalSection
	GlobalSection(ProjectConfigurationPlatforms) = postSolution
		{5DEBBAC8-9EB5-4E96-BB64-BBF45C04B7FE}.Debug|Any CPU.ActiveCfg = Debug|Any CPU
		{5DEBBAC8-9EB5-4E96-BB64-BBF45C04B7FE}.Debug|Any CPU.Build.0 = Debug|Any CPU
		{5DEBBAC8-9EB5-4E96-BB64-BBF45C04B7FE}.Release|Any CPU.ActiveCfg = Release|Any CPU
		{5DEBBAC8-9EB5-4E96-BB64-BBF45C04B7FE}.Release|Any CPU.Build.0 = Release|Any CPU
	EndGlobalSection
	GlobalSection(SolutionProperties) = preSolution
		HideSolutionNode = FALSE
	EndGlobalSection
	GlobalSection(ExtensibilityGlobals) = postSolution
		SolutionGuid = {1F131246-AEA6-4338-B804-17687E4D5F5D}
	EndGlobalSection
EndGlobal
